
Microsoft Visual Studio Solution File, Format Version 12.00
Project("{FAE04EC0-301F-11D3-BF4B-00C04F79EFBC}") = "CalculatorAPI", "CalculatorAPI.csproj", "{1ED6BE9A-FF73-4830-9A1E-00427B9F629D}"
EndProject
Global
	GlobalSection(SolutionConfigurationPlatforms) = preSolution
		Debug|Any CPU = Debug|Any CPU
		Release|Any CPU = Release|Any CPU
	EndGlobalSection
	GlobalSection(ProjectConfigurationPlatforms) = postSolution
		{1ED6BE9A-FF73-4830-9A1E-00427B9F629D}.Debug|Any CPU.ActiveCfg = Debug|Any CPU
		{1ED6BE9A-FF73-4830-9A1E-00427B9F629D}.Debug|Any CPU.Build.0 = Debug|Any CPU
		{1ED6BE9A-FF73-4830-9A1E-00427B9F629D}.Release|Any CPU.ActiveCfg = Release|Any CPU
		{1ED6BE9A-FF73-4830-9A1E-00427B9F629D}.Release|Any CPU.Build.0 = Release|Any CPU
	EndGlobalSection
EndGlobal
